
Microsoft Visual Studio Solution File, Format Version 12.00
# Visual Studio Version 16
VisualStudioVersion = 16.0.30225.117
MinimumVisualStudioVersion = 10.0.40219.1
Project("{8BC9CEB8-8B4A-11D0-8D11-00A0C91BC942}") = "200710SAPLA", "200710SAPLA.vcxproj", "{6D4A9FBC-B562-4AFB-8C54-31E70F5157FC}"
EndProject
Global
	GlobalSection(SolutionConfigurationPlatforms) = preSolution
		Debug|x64 = Debug|x64
		Debug|x86 = Debug|x86
		Release|x64 = Release|x64
		Release|x86 = Release|x86
	EndGlobalSection
	GlobalSection(ProjectConfigurationPlatforms) = postSolution
		{6D4A9FBC-B562-4AFB-8C54-31E70F5157FC}.Debug|x64.ActiveCfg = Debug|x64
		{6D4A9FBC-B562-4AFB-8C54-31E70F5157FC}.Debug|x64.Build.0 = Debug|x64
		{6D4A9FBC-B562-4AFB-8C54-31E70F5157FC}.Debug|x86.ActiveCfg = Debug|x64
		{6D4A9FBC-B562-4AFB-8C54-31E70F5157FC}.Debug|x86.Build.0 = Debug|x64
		{6D4A9FBC-B562-4AFB-8C54-31E70F5157FC}.Release|x64.ActiveCfg = Release|x64
		{6D4A9FBC-B562-4AFB-8C54-31E70F5157FC}.Release|x64.Build.0 = Release|x64
		{6D4A9FBC-B562-4AFB-8C54-31E70F5157FC}.Release|x86.ActiveCfg = Debug|x64
		{6D4A9FBC-B562-4AFB-8C54-31E70F5157FC}.Release|x86.Build.0 = Debug|x64
	EndGlobalSection
	GlobalSection(SolutionProperties) = preSolution
		HideSolutionNode = FALSE
	EndGlobalSection
	GlobalSection(ExtensibilityGlobals) = postSolution
		SolutionGuid = {47E2C993-2584-4156-BE4C-A2B0F7BC23B3}
	EndGlobalSection
EndGlobal
