<?xml version="1.0" encoding="utf-8"?>
<Project ToolsVersion="4.0" xmlns="http://schemas.microsoft.com/developer/msbuild/2003">
  <ItemGroup>
    <Filter Include="Source Files">
      <UniqueIdentifier>{4FC737F1-C7A5-4376-A066-2A32D752A2FF}</UniqueIdentifier>
      <Extensions>cpp;c;cc;cxx;c++;def;odl;idl;hpj;bat;asm;asmx</Extensions>
    </Filter>
    <Filter Include="Header Files">
      <UniqueIdentifier>{93995380-89BD-4b04-88EB-625FBE52EBFB}</UniqueIdentifier>
      <Extensions>h;hh;hpp;hxx;h++;hm;inl;inc;ipp;xsd</Extensions>
    </Filter>
    <Filter Include="Resource Files">
      <UniqueIdentifier>{67DA6AB6-F800-4c08-8B7A-83BB121AAD01}</UniqueIdentifier>
      <Extensions>rc;ico;cur;bmp;dlg;rc2;rct;bin;rgs;gif;jpg;jpeg;jpe;resx;tiff;tif;png;wav;mfcribbon-ms</Extensions>
    </Filter>
  </ItemGroup>
  <ItemGroup>
    <ClCompile Include="200710SAPLA.cpp">
      <Filter>Source Files</Filter>
    </ClCompile>
    <ClCompile Include="APLA_ICDE07.cpp">
      <Filter>Source Files</Filter>
    </ClCompile>
    <ClCompile Include="CAPCA.cpp">
      <Filter>Source Files</Filter>
    </ClCompile>
    <ClCompile Include="CAPCA_KNN.cpp">
      <Filter>Source Files</Filter>
    </ClCompile>
    <ClCompile Include="CAPLA.cpp">
      <Filter>Source Files</Filter>
    </ClCompile>
    <ClCompile Include="CCHEBYSHEV.cpp">
      <Filter>Source Files</Filter>
    </ClCompile>
    <ClCompile Include="CDFT.cpp">
      <Filter>Source Files</Filter>
    </ClCompile>
    <ClCompile Include="CPLA.cpp">
      <Filter>Source Files</Filter>
    </ClCompile>
    <ClCompile Include="EVALUATION.cpp">
      <Filter>Source Files</Filter>
    </ClCompile>
    <ClCompile Include="GEOMETRY_TOOL.cpp">
      <Filter>Source Files</Filter>
    </ClCompile>
    <ClCompile Include="MULTI_DIMENSION.cpp">
      <Filter>Source Files</Filter>
    </ClCompile>
    <ClCompile Include="pch.cpp">
      <Filter>Source Files</Filter>
    </ClCompile>
    <ClCompile Include="SHARE_TOOL.cpp">
      <Filter>Source Files</Filter>
    </ClCompile>
    <ClCompile Include="lib\chebyshev_polynomial.cpp">
      <Filter>Source Files</Filter>
    </ClCompile>
    <ClCompile Include="lib\dtwrecoge.cpp">
      <Filter>Source Files</Filter>
    </ClCompile>
    <ClCompile Include="lib\SmallestEnclosingCircle.cpp">
      <Filter>Source Files</Filter>
    </ClCompile>
    <ClCompile Include="CAPLA_PUB.cpp">
      <Filter>Source Files</Filter>
    </ClCompile>
    <ClCompile Include="RTree_partition.cpp">
      <Filter>Source Files</Filter>
    </ClCompile>
  </ItemGroup>
  <ItemGroup>
    <ClInclude Include="APLA_ICDE07.h">
      <Filter>Header Files</Filter>
    </ClInclude>
    <ClInclude Include="CAPCA.h">
      <Filter>Header Files</Filter>
    </ClInclude>
    <ClInclude Include="CAPCA_KNN.h">
      <Filter>Header Files</Filter>
    </ClInclude>
    <ClInclude Include="CAPLA.h">
      <Filter>Header Files</Filter>
    </ClInclude>
    <ClInclude Include="CCHEBYSHEV.h">
      <Filter>Header Files</Filter>
    </ClInclude>
    <ClInclude Include="CDFT.h">
      <Filter>Header Files</Filter>
    </ClInclude>
    <ClInclude Include="CPLA.h">
      <Filter>Header Files</Filter>
    </ClInclude>
    <ClInclude Include="EVALUATION.h">
      <Filter>Header Files</Filter>
    </ClInclude>
    <ClInclude Include="GEOMETRY_TOOL.h">
      <Filter>Header Files</Filter>
    </ClInclude>
    <ClInclude Include="MULTI_DIMENSION.h">
      <Filter>Header Files</Filter>
    </ClInclude>
    <ClInclude Include="pch.h">
      <Filter>Header Files</Filter>
    </ClInclude>
    <ClInclude Include="SHARE_TOOL.h">
      <Filter>Header Files</Filter>
    </ClInclude>
    <ClInclude Include="lib\chebyshev_polynomial.hpp">
      <Filter>Header Files</Filter>
    </ClInclude>
    <ClInclude Include="lib\doublyLinkedList.h">
      <Filter>Header Files</Filter>
    </ClInclude>
    <ClInclude Include="lib\dtwrecoge.h">
      <Filter>Header Files</Filter>
    </ClInclude>
    <ClInclude Include="lib\RTree.h">
      <Filter>Header Files</Filter>
    </ClInclude>
    <ClInclude Include="lib\saxquantizer.hpp">
      <Filter>Header Files</Filter>
    </ClInclude>
    <ClInclude Include="lib\SmallestEnclosingCircle.hpp">
      <Filter>Header Files</Filter>
    </ClInclude>
    <ClInclude Include="CAPLA_PUB.h">
      <Filter>Header Files</Filter>
    </ClInclude>
    <ClInclude Include="RTree_partition.h">
      <Filter>Header Files</Filter>
    </ClInclude>
  </ItemGroup>
</Project>